
Microsoft Visual Studio Solution File, Format Version 12.00
# Visual Studio Version 16
VisualStudioVersion = 16.0.28917.182
MinimumVisualStudioVersion = 10.0.40219.1
Project("{FAE04EC0-301F-11D3-BF4B-00C04F79EFBC}") = "JobApplicationSiteVtwo", "..\JobApplicationSiteVtwo\JobApplicationSiteVtwo.csproj", "{10C8F58A-ADE7-4F17-853A-507B6AC8D15D}"
EndProject
Global
	GlobalSection(SolutionConfigurationPlatforms) = preSolution
		Debug|Any CPU = Debug|Any CPU
		Release|Any CPU = Release|Any CPU
	EndGlobalSection
	GlobalSection(ProjectConfigurationPlatforms) = postSolution
		{10C8F58A-ADE7-4F17-853A-507B6AC8D15D}.Debug|Any CPU.ActiveCfg = Debug|Any CPU
		{10C8F58A-ADE7-4F17-853A-507B6AC8D15D}.Debug|Any CPU.Build.0 = Debug|Any CPU
		{10C8F58A-ADE7-4F17-853A-507B6AC8D15D}.Release|Any CPU.ActiveCfg = Release|Any CPU
		{10C8F58A-ADE7-4F17-853A-507B6AC8D15D}.Release|Any CPU.Build.0 = Release|Any CPU
	EndGlobalSection
	GlobalSection(SolutionProperties) = preSolution
		HideSolutionNode = FALSE
	EndGlobalSection
	GlobalSection(ExtensibilityGlobals) = postSolution
		SolutionGuid = {A2E9532D-6FC1-4ACC-A081-5421AC6DDE83}
	EndGlobalSection
EndGlobal
